{
  "name": "PFF - Copy",
  "lockfileVersion": 3,
  "requires": true,
  "packages": {
    "": {
      "dependencies": {
        "@netlify/plugin-nextjs": "^5.15.7",
        "magic-sdk": "^33.4.1"
      }
    },
    "node_modules/@magic-sdk/provider": {
      "version": "33.4.1",
      "resolved": "https://registry.npmjs.org/@magic-sdk/provider/-/provider-33.4.1.tgz",
      "integrity": "sha512-uH5jghla6RJUGioWV3L77iCFWOd8RMzecxTU6S5lmkIuHHJV6kQnYetDb21R/k1uZkie5tl38mOnvHUsZ43YUA==",
      "license": "MIT",
      "dependencies": {
        "@magic-sdk/types": "^27.4.0",
        "eventemitter3": "^4.0.4"
      },
      "peerDependencies": {
        "localforage": "^1.7.4"
      }
    },
    "node_modules/@magic-sdk/types": {
      "version": "27.4.0",
      "resolved": "https://registry.npmjs.org/@magic-sdk/types/-/types-27.4.0.tgz",
      "integrity": "sha512-oa8gSjmO8fqKOV2831iXdQ2vxWESrZSZ7WHddB9I4U76qkPBLT6SvIrZV+5npvQYYEsq3z9hHOzpEahapiCuXw==",
      "license": "MIT"
    },
    "node_modules/@netlify/plugin-nextjs": {
      "version": "5.15.7",
      "license": "MIT",
      "engines": {
        "node": ">=18.0.0"
      }
    },
    "node_modules/eventemitter3": {
      "version": "4.0.7",
      "resolved": "https://registry.npmjs.org/eventemitter3/-/eventemitter3-4.0.7.tgz",
      "integrity": "sha512-8guHBZCwKnFhYdHr2ysuRWErTwhoN2X8XELRlrRwpmfeY2jjuUN4taQMsULKUVo1K4DvZl+0pgfyoysHxvmvEw==",
      "license": "MIT"
    },
    "node_modules/immediate": {
      "version": "3.0.6",
      "resolved": "https://registry.npmjs.org/immediate/-/immediate-3.0.6.tgz",
      "integrity": "sha512-XXOFtyqDjNDAQxVfYxuF7g9Il/IbWmmlQg2MYKOH8ExIT1qg6xc4zyS3HaEEATgs1btfzxq15ciUiY7gjSXRGQ==",
      "license": "MIT"
    },
    "node_modules/lie": {
      "version": "3.1.1",
      "resolved": "https://registry.npmjs.org/lie/-/lie-3.1.1.tgz",
      "integrity": "sha512-RiNhHysUjhrDQntfYSfY4MU24coXXdEOgw9WGcKHNeEwffDYbF//u87M1EWaMGzuFoSbqW0C9C6lEEhDOAswfw==",
      "license": "MIT",
      "dependencies": {
        "immediate": "~3.0.5"
      }
    },
    "node_modules/localforage": {
      "version": "1.10.0",
      "resolved": "https://registry.npmjs.org/localforage/-/localforage-1.10.0.tgz",
      "integrity": "sha512-14/H1aX7hzBBmmh7sGPd+AOMkkIrHM3Z1PAyGgZigA1H1p5O5ANnMyWzvpAETtG68/dC4pC0ncy3+PPGzXZHPg==",
      "license": "Apache-2.0",
      "peer": true,
      "dependencies": {
        "lie": "3.1.1"
      }
    },
    "node_modules/magic-sdk": {
      "version": "33.4.1",
      "resolved": "https://registry.npmjs.org/magic-sdk/-/magic-sdk-33.4.1.tgz",
      "integrity": "sha512-6smthIn2PjRC+ilznyhVP4NDUX9YTyROYllc+tX+sVOXcFd7X1hW+TraU1PudZSlKQK/NGKBMKqsuKKsgRPYRg==",
      "license": "MIT",
      "dependencies": {
        "@magic-sdk/provider": "^33.4.1",
        "@magic-sdk/types": "^27.4.0",
        "localforage": "^1.7.4"
      }
    }
  }
}
